// !$*UTF8*$!
{
	archiveVersion = 1;
	classes = {
	};
	objectVersion = 46;
	objects = {

/* Begin PBXBuildFile section */
		08D63B6FE1D6F82476504801 /* Pods_YRQuxinagtou.framework in Frameworks */ = {isa = PBXBuildFile; fileRef = F673A32A2B86A0EAFD000137 /* Pods_YRQuxinagtou.framework */; };
		B40868F01D192F01001CA3CE /* YRRegisterViewController.swift in Sources */ = {isa = PBXBuildFile; fileRef = B40868EF1D192F01001CA3CE /* YRRegisterViewController.swift */; };
		B40868F21D192F65001CA3CE /* Guide.storyboard in Resources */ = {isa = PBXBuildFile; fileRef = B40868F11D192F65001CA3CE /* Guide.storyboard */; };
		B40869001D1B7951001CA3CE /* YRInsigniaView.swift in Sources */ = {isa = PBXBuildFile; fileRef = B40868FF1D1B7951001CA3CE /* YRInsigniaView.swift */; };
		B41216C81D1246DB0060C2A9 /* YRAlertHelp.swift in Sources */ = {isa = PBXBuildFile; fileRef = B41216C71D1246DB0060C2A9 /* YRAlertHelp.swift */; };
		B41216CB1D1250B70060C2A9 /* YRConfig.swift in Sources */ = {isa = PBXBuildFile; fileRef = B41216CA1D1250B70060C2A9 /* YRConfig.swift */; };
		B41216CD1D12722C0060C2A9 /* YRProposeAndAuth.swift in Sources */ = {isa = PBXBuildFile; fileRef = B41216CC1D12722C0060C2A9 /* YRProposeAndAuth.swift */; };
		B4338A741D0FCC7B00A2D485 /* AppDelegate.swift in Sources */ = {isa = PBXBuildFile; fileRef = B4338A731D0FCC7B00A2D485 /* AppDelegate.swift */; };
		B4338A7B1D0FCC7B00A2D485 /* Assets.xcassets in Resources */ = {isa = PBXBuildFile; fileRef = B4338A7A1D0FCC7B00A2D485 /* Assets.xcassets */; };
		B4338A7E1D0FCC7B00A2D485 /* LaunchScreen.storyboard in Resources */ = {isa = PBXBuildFile; fileRef = B4338A7C1D0FCC7B00A2D485 /* LaunchScreen.storyboard */; };
		B4338A891D0FCC7C00A2D485 /* YRQuxinagtouTests.swift in Sources */ = {isa = PBXBuildFile; fileRef = B4338A881D0FCC7C00A2D485 /* YRQuxinagtouTests.swift */; };
		B4338A941D0FCC7C00A2D485 /* YRQuxinagtouUITests.swift in Sources */ = {isa = PBXBuildFile; fileRef = B4338A931D0FCC7C00A2D485 /* YRQuxinagtouUITests.swift */; };
		B4338AA21D0FD03100A2D485 /* YRCustomTabbarController.swift in Sources */ = {isa = PBXBuildFile; fileRef = B4338AA11D0FD03100A2D485 /* YRCustomTabbarController.swift */; };
		B4338AA41D0FD06100A2D485 /* YRHomeViewController.swift in Sources */ = {isa = PBXBuildFile; fileRef = B4338AA31D0FD06100A2D485 /* YRHomeViewController.swift */; };
		B4338AA61D0FD0BF00A2D485 /* YRSearchViewController.swift in Sources */ = {isa = PBXBuildFile; fileRef = B4338AA51D0FD0BF00A2D485 /* YRSearchViewController.swift */; };
		B4338AA81D0FD0CB00A2D485 /* YRMessageViewController.swift in Sources */ = {isa = PBXBuildFile; fileRef = B4338AA71D0FD0CB00A2D485 /* YRMessageViewController.swift */; };
		B4338AAA1D0FD11200A2D485 /* YRContactViewController.swift in Sources */ = {isa = PBXBuildFile; fileRef = B4338AA91D0FD11200A2D485 /* YRContactViewController.swift */; };
		B4338AAC1D0FD13900A2D485 /* YRProfileViewController.swift in Sources */ = {isa = PBXBuildFile; fileRef = B4338AAB1D0FD13900A2D485 /* YRProfileViewController.swift */; };
		B44216461D2613D100FF38D5 /* YRProfileInfoViewController.swift in Sources */ = {isa = PBXBuildFile; fileRef = B44216451D2613D100FF38D5 /* YRProfileInfoViewController.swift */; };
		B44216481D2614A400FF38D5 /* YRUserAlbumViewController.swift in Sources */ = {isa = PBXBuildFile; fileRef = B44216471D2614A400FF38D5 /* YRUserAlbumViewController.swift */; };
		B442164A1D261BEB00FF38D5 /* YRDetailIfnoView.swift in Sources */ = {isa = PBXBuildFile; fileRef = B44216491D261BEB00FF38D5 /* YRDetailIfnoView.swift */; };
		B46E20811D0FEC7F004BE03F /* Profile.storyboard in Resources */ = {isa = PBXBuildFile; fileRef = B46E20801D0FEC7F004BE03F /* Profile.storyboard */; };
		B46E20831D0FFD81004BE03F /* YRProfileTableViewController.swift in Sources */ = {isa = PBXBuildFile; fileRef = B46E20821D0FFD81004BE03F /* YRProfileTableViewController.swift */; };
		B46E208C1D10FECC004BE03F /* YRPhotoPickerViewController.swift in Sources */ = {isa = PBXBuildFile; fileRef = B46E20881D10FECC004BE03F /* YRPhotoPickerViewController.swift */; };
		B46E208F1D10FF7F004BE03F /* UIColorExt.swift in Sources */ = {isa = PBXBuildFile; fileRef = B46E208E1D10FF7F004BE03F /* UIColorExt.swift */; };
		B484CBC61D221541000BC548 /* YRNetwork.swift in Sources */ = {isa = PBXBuildFile; fileRef = B484CBC51D221541000BC548 /* YRNetwork.swift */; };
		B484CBCA1D2352B1000BC548 /* YRServers.swift in Sources */ = {isa = PBXBuildFile; fileRef = B484CBC91D2352B1000BC548 /* YRServers.swift */; };
		B4FCAE721D13C6220089DDC0 /* YRPhotoPicker.swift in Sources */ = {isa = PBXBuildFile; fileRef = B4FCAE711D13C6220089DDC0 /* YRPhotoPicker.swift */; };
/* End PBXBuildFile section */

/* Begin PBXContainerItemProxy section */
		B4338A851D0FCC7C00A2D485 /* PBXContainerItemProxy */ = {
			isa = PBXContainerItemProxy;
			containerPortal = B4338A681D0FCC7B00A2D485 /* Project object */;
			proxyType = 1;
			remoteGlobalIDString = B4338A6F1D0FCC7B00A2D485;
			remoteInfo = YRQuxinagtou;
		};
		B4338A901D0FCC7C00A2D485 /* PBXContainerItemProxy */ = {
			isa = PBXContainerItemProxy;
			containerPortal = B4338A681D0FCC7B00A2D485 /* Project object */;
			proxyType = 1;
			remoteGlobalIDString = B4338A6F1D0FCC7B00A2D485;
			remoteInfo = YRQuxinagtou;
		};
/* End PBXContainerItemProxy section */

/* Begin PBXFileReference section */
		00C28523860F89F52F63E4EF /* Pods-YRQuxinagtou.debug.xcconfig */ = {isa = PBXFileReference; includeInIndex = 1; lastKnownFileType = text.xcconfig; name = "Pods-YRQuxinagtou.debug.xcconfig"; path = "Pods/Target Support Files/Pods-YRQuxinagtou/Pods-YRQuxinagtou.debug.xcconfig"; sourceTree = "<group>"; };
		5FAB740E7D8E183F840851F9 /* Pods-YRQuxinagtou.release.xcconfig */ = {isa = PBXFileReference; includeInIndex = 1; lastKnownFileType = text.xcconfig; name = "Pods-YRQuxinagtou.release.xcconfig"; path = "Pods/Target Support Files/Pods-YRQuxinagtou/Pods-YRQuxinagtou.release.xcconfig"; sourceTree = "<group>"; };
		B40868EF1D192F01001CA3CE /* YRRegisterViewController.swift */ = {isa = PBXFileReference; fileEncoding = 4; lastKnownFileType = sourcecode.swift; path = YRRegisterViewController.swift; sourceTree = "<group>"; };
		B40868F11D192F65001CA3CE /* Guide.storyboard */ = {isa = PBXFileReference; fileEncoding = 4; lastKnownFileType = file.storyboard; path = Guide.storyboard; sourceTree = "<group>"; };
		B40868FB1D1A5E93001CA3CE /* YRQuxinagtou-Bridging-Header.h */ = {isa = PBXFileReference; lastKnownFileType = sourcecode.c.h; path = "YRQuxinagtou-Bridging-Header.h"; sourceTree = "<group>"; };
		B40868FF1D1B7951001CA3CE /* YRInsigniaView.swift */ = {isa = PBXFileReference; fileEncoding = 4; lastKnownFileType = sourcecode.swift; path = YRInsigniaView.swift; sourceTree = "<group>"; };
		B41216C71D1246DB0060C2A9 /* YRAlertHelp.swift */ = {isa = PBXFileReference; fileEncoding = 4; lastKnownFileType = sourcecode.swift; path = YRAlertHelp.swift; sourceTree = "<group>"; };
		B41216CA1D1250B70060C2A9 /* YRConfig.swift */ = {isa = PBXFileReference; fileEncoding = 4; lastKnownFileType = sourcecode.swift; name = YRConfig.swift; path = ../YRConfig.swift; sourceTree = "<group>"; };
		B41216CC1D12722C0060C2A9 /* YRProposeAndAuth.swift */ = {isa = PBXFileReference; fileEncoding = 4; lastKnownFileType = sourcecode.swift; path = YRProposeAndAuth.swift; sourceTree = "<group>"; };
		B4338A701D0FCC7B00A2D485 /* YRQuxinagtou.app */ = {isa = PBXFileReference; explicitFileType = wrapper.application; includeInIndex = 0; path = YRQuxinagtou.app; sourceTree = BUILT_PRODUCTS_DIR; };
		B4338A731D0FCC7B00A2D485 /* AppDelegate.swift */ = {isa = PBXFileReference; lastKnownFileType = sourcecode.swift; path = AppDelegate.swift; sourceTree = "<group>"; };
		B4338A7A1D0FCC7B00A2D485 /* Assets.xcassets */ = {isa = PBXFileReference; lastKnownFileType = folder.assetcatalog; path = Assets.xcassets; sourceTree = "<group>"; };
		B4338A7D1D0FCC7B00A2D485 /* Base */ = {isa = PBXFileReference; lastKnownFileType = file.storyboard; name = Base; path = Base.lproj/LaunchScreen.storyboard; sourceTree = "<group>"; };
		B4338A7F1D0FCC7B00A2D485 /* Info.plist */ = {isa = PBXFileReference; lastKnownFileType = text.plist.xml; path = Info.plist; sourceTree = "<group>"; };
		B4338A841D0FCC7C00A2D485 /* YRQuxinagtouTests.xctest */ = {isa = PBXFileReference; explicitFileType = wrapper.cfbundle; includeInIndex = 0; path = YRQuxinagtouTests.xctest; sourceTree = BUILT_PRODUCTS_DIR; };
		B4338A881D0FCC7C00A2D485 /* YRQuxinagtouTests.swift */ = {isa = PBXFileReference; lastKnownFileType = sourcecode.swift; path = YRQuxinagtouTests.swift; sourceTree = "<group>"; };
		B4338A8A1D0FCC7C00A2D485 /* Info.plist */ = {isa = PBXFileReference; lastKnownFileType = text.plist.xml; path = Info.plist; sourceTree = "<group>"; };
		B4338A8F1D0FCC7C00A2D485 /* YRQuxinagtouUITests.xctest */ = {isa = PBXFileReference; explicitFileType = wrapper.cfbundle; includeInIndex = 0; path = YRQuxinagtouUITests.xctest; sourceTree = BUILT_PRODUCTS_DIR; };
		B4338A931D0FCC7C00A2D485 /* YRQuxinagtouUITests.swift */ = {isa = PBXFileReference; lastKnownFileType = sourcecode.swift; path = YRQuxinagtouUITests.swift; sourceTree = "<group>"; };
		B4338A951D0FCC7C00A2D485 /* Info.plist */ = {isa = PBXFileReference; lastKnownFileType = text.plist.xml; path = Info.plist; sourceTree = "<group>"; };
		B4338AA11D0FD03100A2D485 /* YRCustomTabbarController.swift */ = {isa = PBXFileReference; fileEncoding = 4; lastKnownFileType = sourcecode.swift; path = YRCustomTabbarController.swift; sourceTree = "<group>"; };
		B4338AA31D0FD06100A2D485 /* YRHomeViewController.swift */ = {isa = PBXFileReference; fileEncoding = 4; lastKnownFileType = sourcecode.swift; path = YRHomeViewController.swift; sourceTree = "<group>"; };
		B4338AA51D0FD0BF00A2D485 /* YRSearchViewController.swift */ = {isa = PBXFileReference; fileEncoding = 4; lastKnownFileType = sourcecode.swift; path = YRSearchViewController.swift; sourceTree = "<group>"; };
		B4338AA71D0FD0CB00A2D485 /* YRMessageViewController.swift */ = {isa = PBXFileReference; fileEncoding = 4; lastKnownFileType = sourcecode.swift; path = YRMessageViewController.swift; sourceTree = "<group>"; };
		B4338AA91D0FD11200A2D485 /* YRContactViewController.swift */ = {isa = PBXFileReference; fileEncoding = 4; lastKnownFileType = sourcecode.swift; path = YRContactViewController.swift; sourceTree = "<group>"; };
		B4338AAB1D0FD13900A2D485 /* YRProfileViewController.swift */ = {isa = PBXFileReference; fileEncoding = 4; lastKnownFileType = sourcecode.swift; path = YRProfileViewController.swift; sourceTree = "<group>"; };
		B44216451D2613D100FF38D5 /* YRProfileInfoViewController.swift */ = {isa = PBXFileReference; fileEncoding = 4; lastKnownFileType = sourcecode.swift; path = YRProfileInfoViewController.swift; sourceTree = "<group>"; };
		B44216471D2614A400FF38D5 /* YRUserAlbumViewController.swift */ = {isa = PBXFileReference; fileEncoding = 4; lastKnownFileType = sourcecode.swift; path = YRUserAlbumViewController.swift; sourceTree = "<group>"; };
		B44216491D261BEB00FF38D5 /* YRDetailIfnoView.swift */ = {isa = PBXFileReference; fileEncoding = 4; lastKnownFileType = sourcecode.swift; path = YRDetailIfnoView.swift; sourceTree = "<group>"; };
		B46E20801D0FEC7F004BE03F /* Profile.storyboard */ = {isa = PBXFileReference; fileEncoding = 4; lastKnownFileType = file.storyboard; path = Profile.storyboard; sourceTree = "<group>"; };
		B46E20821D0FFD81004BE03F /* YRProfileTableViewController.swift */ = {isa = PBXFileReference; fileEncoding = 4; lastKnownFileType = sourcecode.swift; path = YRProfileTableViewController.swift; sourceTree = "<group>"; };
		B46E20881D10FECC004BE03F /* YRPhotoPickerViewController.swift */ = {isa = PBXFileReference; fileEncoding = 4; lastKnownFileType = sourcecode.swift; path = YRPhotoPickerViewController.swift; sourceTree = "<group>"; };
		B46E208E1D10FF7F004BE03F /* UIColorExt.swift */ = {isa = PBXFileReference; fileEncoding = 4; lastKnownFileType = sourcecode.swift; path = UIColorExt.swift; sourceTree = "<group>"; };
		B484CBC51D221541000BC548 /* YRNetwork.swift */ = {isa = PBXFileReference; fileEncoding = 4; lastKnownFileType = sourcecode.swift; path = YRNetwork.swift; sourceTree = "<group>"; };
		B484CBC91D2352B1000BC548 /* YRServers.swift */ = {isa = PBXFileReference; fileEncoding = 4; lastKnownFileType = sourcecode.swift; path = YRServers.swift; sourceTree = "<group>"; };
		B4FCAE711D13C6220089DDC0 /* YRPhotoPicker.swift */ = {isa = PBXFileReference; fileEncoding = 4; lastKnownFileType = sourcecode.swift; path = YRPhotoPicker.swift; sourceTree = "<group>"; };
		F673A32A2B86A0EAFD000137 /* Pods_YRQuxinagtou.framework */ = {isa = PBXFileReference; explicitFileType = wrapper.framework; includeInIndex = 0; path = Pods_YRQuxinagtou.framework; sourceTree = BUILT_PRODUCTS_DIR; };
/* End PBXFileReference section */

/* Begin PBXFrameworksBuildPhase section */
		B4338A6D1D0FCC7B00A2D485 /* Frameworks */ = {
			isa = PBXFrameworksBuildPhase;
			buildActionMask = 2147483647;
			files = (
				08D63B6FE1D6F82476504801 /* Pods_YRQuxinagtou.framework in Frameworks */,
			);
			runOnlyForDeploymentPostprocessing = 0;
		};
		B4338A811D0FCC7C00A2D485 /* Frameworks */ = {
			isa = PBXFrameworksBuildPhase;
			buildActionMask = 2147483647;
			files = (
			);
			runOnlyForDeploymentPostprocessing = 0;
		};
		B4338A8C1D0FCC7C00A2D485 /* Frameworks */ = {
			isa = PBXFrameworksBuildPhase;
			buildActionMask = 2147483647;
			files = (
			);
			runOnlyForDeploymentPostprocessing = 0;
		};
/* End PBXFrameworksBuildPhase section */

/* Begin PBXGroup section */
		5CDC2D744348306DD7C11DFB /* Pods */ = {
			isa = PBXGroup;
			children = (
				00C28523860F89F52F63E4EF /* Pods-YRQuxinagtou.debug.xcconfig */,
				5FAB740E7D8E183F840851F9 /* Pods-YRQuxinagtou.release.xcconfig */,
			);
			name = Pods;
			sourceTree = "<group>";
		};
		6882AECAD6B86E9B680084E2 /* Frameworks */ = {
			isa = PBXGroup;
			children = (
				F673A32A2B86A0EAFD000137 /* Pods_YRQuxinagtou.framework */,
			);
			name = Frameworks;
			sourceTree = "<group>";
		};
		B40868ED1D1915E9001CA3CE /* LogIn */ = {
			isa = PBXGroup;
			children = (
			);
			name = LogIn;
			sourceTree = "<group>";
		};
		B40868EE1D192EA3001CA3CE /* Register */ = {
			isa = PBXGroup;
			children = (
				B40868EF1D192F01001CA3CE /* YRRegisterViewController.swift */,
				B40868F11D192F65001CA3CE /* Guide.storyboard */,
			);
			name = Register;
			sourceTree = "<group>";
		};
		B40868FA1D1A405C001CA3CE /* YRConfig */ = {
			isa = PBXGroup;
			children = (
				B41216CA1D1250B70060C2A9 /* YRConfig.swift */,
			);
			name = YRConfig;
			sourceTree = "<group>";
		};
		B41216C61D12465F0060C2A9 /* YRHelp */ = {
			isa = PBXGroup;
			children = (
				B41216C71D1246DB0060C2A9 /* YRAlertHelp.swift */,
				B41216CC1D12722C0060C2A9 /* YRProposeAndAuth.swift */,
			);
			name = YRHelp;
			sourceTree = "<group>";
		};
		B4338A671D0FCC7B00A2D485 = {
			isa = PBXGroup;
			children = (
				B4338A721D0FCC7B00A2D485 /* YRQuxinagtou */,
				B4338A871D0FCC7C00A2D485 /* YRQuxinagtouTests */,
				B4338A921D0FCC7C00A2D485 /* YRQuxinagtouUITests */,
				B4338A711D0FCC7B00A2D485 /* Products */,
				5CDC2D744348306DD7C11DFB /* Pods */,
				6882AECAD6B86E9B680084E2 /* Frameworks */,
			);
			sourceTree = "<group>";
		};
		B4338A711D0FCC7B00A2D485 /* Products */ = {
			isa = PBXGroup;
			children = (
				B4338A701D0FCC7B00A2D485 /* YRQuxinagtou.app */,
				B4338A841D0FCC7C00A2D485 /* YRQuxinagtouTests.xctest */,
				B4338A8F1D0FCC7C00A2D485 /* YRQuxinagtouUITests.xctest */,
			);
			name = Products;
			sourceTree = "<group>";
		};
		B4338A721D0FCC7B00A2D485 /* YRQuxinagtou */ = {
			isa = PBXGroup;
			children = (
				B4338A731D0FCC7B00A2D485 /* AppDelegate.swift */,
				B4338AA11D0FD03100A2D485 /* YRCustomTabbarController.swift */,
				B484CBC31D221518000BC548 /* YRNetwork */,
				B40868FA1D1A405C001CA3CE /* YRConfig */,
				B41216C61D12465F0060C2A9 /* YRHelp */,
				B46E208D1D10FF5A004BE03F /* Ext+Tools */,
				B46E20781D0FD724004BE03F /* Classes */,
				B4338A7A1D0FCC7B00A2D485 /* Assets.xcassets */,
				B4338A7C1D0FCC7B00A2D485 /* LaunchScreen.storyboard */,
				B4338A7F1D0FCC7B00A2D485 /* Info.plist */,
				B40868FB1D1A5E93001CA3CE /* YRQuxinagtou-Bridging-Header.h */,
			);
			path = YRQuxinagtou;
			sourceTree = "<group>";
		};
		B4338A871D0FCC7C00A2D485 /* YRQuxinagtouTests */ = {
			isa = PBXGroup;
			children = (
				B4338A881D0FCC7C00A2D485 /* YRQuxinagtouTests.swift */,
				B4338A8A1D0FCC7C00A2D485 /* Info.plist */,
			);
			path = YRQuxinagtouTests;
			sourceTree = "<group>";
		};
		B4338A921D0FCC7C00A2D485 /* YRQuxinagtouUITests */ = {
			isa = PBXGroup;
			children = (
				B4338A931D0FCC7C00A2D485 /* YRQuxinagtouUITests.swift */,
				B4338A951D0FCC7C00A2D485 /* Info.plist */,
			);
			path = YRQuxinagtouUITests;
			sourceTree = "<group>";
		};
		B46E20781D0FD724004BE03F /* Classes */ = {
			isa = PBXGroup;
			children = (
				B40868EE1D192EA3001CA3CE /* Register */,
				B40868ED1D1915E9001CA3CE /* LogIn */,
				B46E207F1D0FEA21004BE03F /* Home */,
				B46E207D1D0FE9F7004BE03F /* Search */,
				B46E207C1D0FE9F5004BE03F /* Message */,
				B46E207B1D0FE9F1004BE03F /* Contact */,
				B46E207A1D0FE9E4004BE03F /* Profile */,
			);
			name = Classes;
			sourceTree = "<group>";
		};
		B46E207A1D0FE9E4004BE03F /* Profile */ = {
			isa = PBXGroup;
			children = (
				B40868FF1D1B7951001CA3CE /* YRInsigniaView.swift */,
				B44216491D261BEB00FF38D5 /* YRDetailIfnoView.swift */,
				B4EDDE291D20F840002887C0 /* Setting */,
				B46E20841D10FEB1004BE03F /* YRPhotoPicker */,
				B4338AAB1D0FD13900A2D485 /* YRProfileViewController.swift */,
				B46E20821D0FFD81004BE03F /* YRProfileTableViewController.swift */,
				B44216471D2614A400FF38D5 /* YRUserAlbumViewController.swift */,
				B44216451D2613D100FF38D5 /* YRProfileInfoViewController.swift */,
				B46E20801D0FEC7F004BE03F /* Profile.storyboard */,
			);
			name = Profile;
			sourceTree = "<group>";
		};
		B46E207B1D0FE9F1004BE03F /* Contact */ = {
			isa = PBXGroup;
			children = (
				B4338AA91D0FD11200A2D485 /* YRContactViewController.swift */,
			);
			name = Contact;
			sourceTree = "<group>";
		};
		B46E207C1D0FE9F5004BE03F /* Message */ = {
			isa = PBXGroup;
			children = (
				B4338AA71D0FD0CB00A2D485 /* YRMessageViewController.swift */,
			);
			name = Message;
			sourceTree = "<group>";
		};
		B46E207D1D0FE9F7004BE03F /* Search */ = {
			isa = PBXGroup;
			children = (
				B4338AA51D0FD0BF00A2D485 /* YRSearchViewController.swift */,
			);
			name = Search;
			sourceTree = "<group>";
		};
		B46E207F1D0FEA21004BE03F /* Home */ = {
			isa = PBXGroup;
			children = (
				B4338AA31D0FD06100A2D485 /* YRHomeViewController.swift */,
			);
			name = Home;
			sourceTree = "<group>";
		};
		B46E20841D10FEB1004BE03F /* YRPhotoPicker */ = {
			isa = PBXGroup;
			children = (
				B46E20881D10FECC004BE03F /* YRPhotoPickerViewController.swift */,
				B4FCAE711D13C6220089DDC0 /* YRPhotoPicker.swift */,
			);
			name = YRPhotoPicker;
			sourceTree = "<group>";
		};
		B46E208D1D10FF5A004BE03F /* Ext+Tools */ = {
			isa = PBXGroup;
			children = (
				B46E208E1D10FF7F004BE03F /* UIColorExt.swift */,
			);
			name = "Ext+Tools";
			sourceTree = "<group>";
		};
		B484CBC31D221518000BC548 /* YRNetwork */ = {
			isa = PBXGroup;
			children = (
				B484CBC51D221541000BC548 /* YRNetwork.swift */,
				B484CBC91D2352B1000BC548 /* YRServers.swift */,
			);
			name = YRNetwork;
			sourceTree = "<group>";
		};
		B4EDDE291D20F840002887C0 /* Setting */ = {
			isa = PBXGroup;
			children = (
			);
			name = Setting;
			sourceTree = "<group>";
		};
/* End PBXGroup section */

/* Begin PBXNativeTarget section */
		B4338A6F1D0FCC7B00A2D485 /* YRQuxinagtou */ = {
			isa = PBXNativeTarget;
			buildConfigurationList = B4338A981D0FCC7C00A2D485 /* Build configuration list for PBXNativeTarget "YRQuxinagtou" */;
			buildPhases = (
				5A88F58FB046C043EE03D823 /* [CP] Check Pods Manifest.lock */,
				B4338A6C1D0FCC7B00A2D485 /* Sources */,
				B4338A6D1D0FCC7B00A2D485 /* Frameworks */,
				B4338A6E1D0FCC7B00A2D485 /* Resources */,
				52F89278E74FE967313B4F22 /* [CP] Embed Pods Frameworks */,
				1428C308D8CB32D17DCD80A2 /* [CP] Copy Pods Resources */,
			);
			buildRules = (
			);
			dependencies = (
			);
			name = YRQuxinagtou;
			productName = YRQuxinagtou;
			productReference = B4338A701D0FCC7B00A2D485 /* YRQuxinagtou.app */;
			productType = "com.apple.product-type.application";
		};
		B4338A831D0FCC7C00A2D485 /* YRQuxinagtouTests */ = {
			isa = PBXNativeTarget;
			buildConfigurationList = B4338A9B1D0FCC7C00A2D485 /* Build configuration list for PBXNativeTarget "YRQuxinagtouTests" */;
			buildPhases = (
				B4338A801D0FCC7C00A2D485 /* Sources */,
				B4338A811D0FCC7C00A2D485 /* Frameworks */,
				B4338A821D0FCC7C00A2D485 /* Resources */,
			);
			buildRules = (
			);
			dependencies = (
				B4338A861D0FCC7C00A2D485 /* PBXTargetDependency */,
			);
			name = YRQuxinagtouTests;
			productName = YRQuxinagtouTests;
			productReference = B4338A841D0FCC7C00A2D485 /* YRQuxinagtouTests.xctest */;
			productType = "com.apple.product-type.bundle.unit-test";
		};
		B4338A8E1D0FCC7C00A2D485 /* YRQuxinagtouUITests */ = {
			isa = PBXNativeTarget;
			buildConfigurationList = B4338A9E1D0FCC7C00A2D485 /* Build configuration list for PBXNativeTarget "YRQuxinagtouUITests" */;
			buildPhases = (
				B4338A8B1D0FCC7C00A2D485 /* Sources */,
				B4338A8C1D0FCC7C00A2D485 /* Frameworks */,
				B4338A8D1D0FCC7C00A2D485 /* Resources */,
			);
			buildRules = (
			);
			dependencies = (
				B4338A911D0FCC7C00A2D485 /* PBXTargetDependency */,
			);
			name = YRQuxinagtouUITests;
			productName = YRQuxinagtouUITests;
			productReference = B4338A8F1D0FCC7C00A2D485 /* YRQuxinagtouUITests.xctest */;
			productType = "com.apple.product-type.bundle.ui-testing";
		};
/* End PBXNativeTarget section */

/* Begin PBXProject section */
		B4338A681D0FCC7B00A2D485 /* Project object */ = {
			isa = PBXProject;
			attributes = {
				CLASSPREFIX = YR;
				LastSwiftUpdateCheck = 0730;
				LastUpgradeCheck = 0730;
				ORGANIZATIONNAME = YongRen;
				TargetAttributes = {
					B4338A6F1D0FCC7B00A2D485 = {
						CreatedOnToolsVersion = 7.3.1;
					};
					B4338A831D0FCC7C00A2D485 = {
						CreatedOnToolsVersion = 7.3.1;
						TestTargetID = B4338A6F1D0FCC7B00A2D485;
					};
					B4338A8E1D0FCC7C00A2D485 = {
						CreatedOnToolsVersion = 7.3.1;
						TestTargetID = B4338A6F1D0FCC7B00A2D485;
					};
				};
			};
			buildConfigurationList = B4338A6B1D0FCC7B00A2D485 /* Build configuration list for PBXProject "YRQuxinagtou" */;
			compatibilityVersion = "Xcode 3.2";
			developmentRegion = English;
			hasScannedForEncodings = 0;
			knownRegions = (
				en,
				Base,
			);
			mainGroup = B4338A671D0FCC7B00A2D485;
			productRefGroup = B4338A711D0FCC7B00A2D485 /* Products */;
			projectDirPath = "";
			projectRoot = "";
			targets = (
				B4338A6F1D0FCC7B00A2D485 /* YRQuxinagtou */,
				B4338A831D0FCC7C00A2D485 /* YRQuxinagtouTests */,
				B4338A8E1D0FCC7C00A2D485 /* YRQuxinagtouUITests */,
			);
		};
/* End PBXProject section */

/* Begin PBXResourcesBuildPhase section */
		B4338A6E1D0FCC7B00A2D485 /* Resources */ = {
			isa = PBXResourcesBuildPhase;
			buildActionMask = 2147483647;
			files = (
				B4338A7E1D0FCC7B00A2D485 /* LaunchScreen.storyboard in Resources */,
				B40868F21D192F65001CA3CE /* Guide.storyboard in Resources */,
				B4338A7B1D0FCC7B00A2D485 /* Assets.xcassets in Resources */,
				B46E20811D0FEC7F004BE03F /* Profile.storyboard in Resources */,
			);
			runOnlyForDeploymentPostprocessing = 0;
		};
		B4338A821D0FCC7C00A2D485 /* Resources */ = {
			isa = PBXResourcesBuildPhase;
			buildActionMask = 2147483647;
			files = (
			);
			runOnlyForDeploymentPostprocessing = 0;
		};
		B4338A8D1D0FCC7C00A2D485 /* Resources */ = {
			isa = PBXResourcesBuildPhase;
			buildActionMask = 2147483647;
			files = (
			);
			runOnlyForDeploymentPostprocessing = 0;
		};
/* End PBXResourcesBuildPhase section */

/* Begin PBXShellScriptBuildPhase section */
		1428C308D8CB32D17DCD80A2 /* [CP] Copy Pods Resources */ = {
			isa = PBXShellScriptBuildPhase;
			buildActionMask = 2147483647;
			files = (
			);
			inputPaths = (
			);
			name = "[CP] Copy Pods Resources";
			outputPaths = (
			);
			runOnlyForDeploymentPostprocessing = 0;
			shellPath = /bin/sh;
			shellScript = "\"${SRCROOT}/Pods/Target Support Files/Pods-YRQuxinagtou/Pods-YRQuxinagtou-resources.sh\"\n";
			showEnvVarsInLog = 0;
		};
		52F89278E74FE967313B4F22 /* [CP] Embed Pods Frameworks */ = {
			isa = PBXShellScriptBuildPhase;
			buildActionMask = 2147483647;
			files = (
			);
			inputPaths = (
			);
			name = "[CP] Embed Pods Frameworks";
			outputPaths = (
			);
			runOnlyForDeploymentPostprocessing = 0;
			shellPath = /bin/sh;
			shellScript = "\"${SRCROOT}/Pods/Target Support Files/Pods-YRQuxinagtou/Pods-YRQuxinagtou-frameworks.sh\"\n";
			showEnvVarsInLog = 0;
		};
		5A88F58FB046C043EE03D823 /* [CP] Check Pods Manifest.lock */ = {
			isa = PBXShellScriptBuildPhase;
			buildActionMask = 2147483647;
			files = (
			);
			inputPaths = (
			);
			name = "[CP] Check Pods Manifest.lock";
			outputPaths = (
			);
			runOnlyForDeploymentPostprocessing = 0;
			shellPath = /bin/sh;
			shellScript = "diff \"${PODS_ROOT}/../Podfile.lock\" \"${PODS_ROOT}/Manifest.lock\" > /dev/null\nif [[ $? != 0 ]] ; then\n    cat << EOM\nerror: The sandbox is not in sync with the Podfile.lock. Run 'pod install' or update your CocoaPods installation.\nEOM\n    exit 1\nfi\n";
			showEnvVarsInLog = 0;
		};
/* End PBXShellScriptBuildPhase section */

/* Begin PBXSourcesBuildPhase section */
		B4338A6C1D0FCC7B00A2D485 /* Sources */ = {
			isa = PBXSourcesBuildPhase;
			buildActionMask = 2147483647;
			files = (
				B4FCAE721D13C6220089DDC0 /* YRPhotoPicker.swift in Sources */,
				B46E20831D0FFD81004BE03F /* YRProfileTableViewController.swift in Sources */,
				B41216CD1D12722C0060C2A9 /* YRProposeAndAuth.swift in Sources */,
				B41216CB1D1250B70060C2A9 /* YRConfig.swift in Sources */,
				B44216481D2614A400FF38D5 /* YRUserAlbumViewController.swift in Sources */,
				B4338AAA1D0FD11200A2D485 /* YRContactViewController.swift in Sources */,
				B442164A1D261BEB00FF38D5 /* YRDetailIfnoView.swift in Sources */,
				B46E208C1D10FECC004BE03F /* YRPhotoPickerViewController.swift in Sources */,
				B4338AAC1D0FD13900A2D485 /* YRProfileViewController.swift in Sources */,
				B40869001D1B7951001CA3CE /* YRInsigniaView.swift in Sources */,
				B44216461D2613D100FF38D5 /* YRProfileInfoViewController.swift in Sources */,
				B46E208F1D10FF7F004BE03F /* UIColorExt.swift in Sources */,
				B484CBC61D221541000BC548 /* YRNetwork.swift in Sources */,
				B4338AA81D0FD0CB00A2D485 /* YRMessageViewController.swift in Sources */,
				B4338A741D0FCC7B00A2D485 /* AppDelegate.swift in Sources */,
				B41216C81D1246DB0060C2A9 /* YRAlertHelp.swift in Sources */,
				B4338AA41D0FD06100A2D485 /* YRHomeViewController.swift in Sources */,
				B4338AA21D0FD03100A2D485 /* YRCustomTabbarController.swift in Sources */,
				B40868F01D192F01001CA3CE /* YRRegisterViewController.swift in Sources */,
				B4338AA61D0FD0BF00A2D485 /* YRSearchViewController.swift in Sources */,
				B484CBCA1D2352B1000BC548 /* YRServers.swift in Sources */,
			);
			runOnlyForDeploymentPostprocessing = 0;
		};
		B4338A801D0FCC7C00A2D485 /* Sources */ = {
			isa = PBXSourcesBuildPhase;
			buildActionMask = 2147483647;
			files = (
				B4338A891D0FCC7C00A2D485 /* YRQuxinagtouTests.swift in Sources */,
			);
			runOnlyForDeploymentPostprocessing = 0;
		};
		B4338A8B1D0FCC7C00A2D485 /* Sources */ = {
			isa = PBXSourcesBuildPhase;
			buildActionMask = 2147483647;
			files = (
				B4338A941D0FCC7C00A2D485 /* YRQuxinagtouUITests.swift in Sources */,
			);
			runOnlyForDeploymentPostprocessing = 0;
		};
/* End PBXSourcesBuildPhase section */

/* Begin PBXTargetDependency section */
		B4338A861D0FCC7C00A2D485 /* PBXTargetDependency */ = {
			isa = PBXTargetDependency;
			target = B4338A6F1D0FCC7B00A2D485 /* YRQuxinagtou */;
			targetProxy = B4338A851D0FCC7C00A2D485 /* PBXContainerItemProxy */;
		};
		B4338A911D0FCC7C00A2D485 /* PBXTargetDependency */ = {
			isa = PBXTargetDependency;
			target = B4338A6F1D0FCC7B00A2D485 /* YRQuxinagtou */;
			targetProxy = B4338A901D0FCC7C00A2D485 /* PBXContainerItemProxy */;
		};
/* End PBXTargetDependency section */

/* Begin PBXVariantGroup section */
		B4338A7C1D0FCC7B00A2D485 /* LaunchScreen.storyboard */ = {
			isa = PBXVariantGroup;
			children = (
				B4338A7D1D0FCC7B00A2D485 /* Base */,
			);
			name = LaunchScreen.storyboard;
			sourceTree = "<group>";
		};
/* End PBXVariantGroup section */

/* Begin XCBuildConfiguration section */
		B4338A961D0FCC7C00A2D485 /* Debug */ = {
			isa = XCBuildConfiguration;
			buildSettings = {
				ALWAYS_SEARCH_USER_PATHS = NO;
				CLANG_ANALYZER_NONNULL = YES;
				CLANG_CXX_LANGUAGE_STANDARD = "gnu++0x";
				CLANG_CXX_LIBRARY = "libc++";
				CLANG_ENABLE_MODULES = YES;
				CLANG_ENABLE_OBJC_ARC = YES;
				CLANG_WARN_BOOL_CONVERSION = YES;
				CLANG_WARN_CONSTANT_CONVERSION = YES;
				CLANG_WARN_DIRECT_OBJC_ISA_USAGE = YES_ERROR;
				CLANG_WARN_EMPTY_BODY = YES;
				CLANG_WARN_ENUM_CONVERSION = YES;
				CLANG_WARN_INT_CONVERSION = YES;
				CLANG_WARN_OBJC_ROOT_CLASS = YES_ERROR;
				CLANG_WARN_UNREACHABLE_CODE = YES;
				CLANG_WARN__DUPLICATE_METHOD_MATCH = YES;
				"CODE_SIGN_IDENTITY[sdk=iphoneos*]" = "iPhone Developer";
				COPY_PHASE_STRIP = NO;
				DEBUG_INFORMATION_FORMAT = dwarf;
				ENABLE_STRICT_OBJC_MSGSEND = YES;
				ENABLE_TESTABILITY = YES;
				GCC_C_LANGUAGE_STANDARD = gnu99;
				GCC_DYNAMIC_NO_PIC = NO;
				GCC_NO_COMMON_BLOCKS = YES;
				GCC_OPTIMIZATION_LEVEL = 0;
				GCC_PREPROCESSOR_DEFINITIONS = (
					"DEBUG=1",
					"$(inherited)",
				);
				GCC_WARN_64_TO_32_BIT_CONVERSION = YES;
				GCC_WARN_ABOUT_RETURN_TYPE = YES_ERROR;
				GCC_WARN_UNDECLARED_SELECTOR = YES;
				GCC_WARN_UNINITIALIZED_AUTOS = YES_AGGRESSIVE;
				GCC_WARN_UNUSED_FUNCTION = YES;
				GCC_WARN_UNUSED_VARIABLE = YES;
				IPHONEOS_DEPLOYMENT_TARGET = 9.3;
				MTL_ENABLE_DEBUG_INFO = YES;
				ONLY_ACTIVE_ARCH = YES;
				SDKROOT = iphoneos;
				SWIFT_OPTIMIZATION_LEVEL = "-Onone";
				TARGETED_DEVICE_FAMILY = "1,2";
			};
			name = Debug;
		};
		B4338A971D0FCC7C00A2D485 /* Release */ = {
			isa = XCBuildConfiguration;
			buildSettings = {
				ALWAYS_SEARCH_USER_PATHS = NO;
				CLANG_ANALYZER_NONNULL = YES;
				CLANG_CXX_LANGUAGE_STANDARD = "gnu++0x";
				CLANG_CXX_LIBRARY = "libc++";
				CLANG_ENABLE_MODULES = YES;
				CLANG_ENABLE_OBJC_ARC = YES;
				CLANG_WARN_BOOL_CONVERSION = YES;
				CLANG_WARN_CONSTANT_CONVERSION = YES;
				CLANG_WARN_DIRECT_OBJC_ISA_USAGE = YES_ERROR;
				CLANG_WARN_EMPTY_BODY = YES;
				CLANG_WARN_ENUM_CONVERSION = YES;
				CLANG_WARN_INT_CONVERSION = YES;
				CLANG_WARN_OBJC_ROOT_CLASS = YES_ERROR;
				CLANG_WARN_UNREACHABLE_CODE = YES;
				CLANG_WARN__DUPLICATE_METHOD_MATCH = YES;
				"CODE_SIGN_IDENTITY[sdk=iphoneos*]" = "iPhone Developer";
				COPY_PHASE_STRIP = NO;
				DEBUG_INFORMATION_FORMAT = "dwarf-with-dsym";
				ENABLE_NS_ASSERTIONS = NO;
				ENABLE_STRICT_OBJC_MSGSEND = YES;
				GCC_C_LANGUAGE_STANDARD = gnu99;
				GCC_NO_COMMON_BLOCKS = YES;
				GCC_WARN_64_TO_32_BIT_CONVERSION = YES;
				GCC_WARN_ABOUT_RETURN_TYPE = YES_ERROR;
				GCC_WARN_UNDECLARED_SELECTOR = YES;
				GCC_WARN_UNINITIALIZED_AUTOS = YES_AGGRESSIVE;
				GCC_WARN_UNUSED_FUNCTION = YES;
				GCC_WARN_UNUSED_VARIABLE = YES;
				IPHONEOS_DEPLOYMENT_TARGET = 9.3;
				MTL_ENABLE_DEBUG_INFO = NO;
				SDKROOT = iphoneos;
				TARGETED_DEVICE_FAMILY = "1,2";
				VALIDATE_PRODUCT = YES;
			};
			name = Release;
		};
		B4338A991D0FCC7C00A2D485 /* Debug */ = {
			isa = XCBuildConfiguration;
			baseConfigurationReference = 00C28523860F89F52F63E4EF /* Pods-YRQuxinagtou.debug.xcconfig */;
			buildSettings = {
				ASSETCATALOG_COMPILER_APPICON_NAME = AppIcon;
				CLANG_ENABLE_MODULES = YES;
				FRAMEWORK_SEARCH_PATHS = (
					"$(inherited)",
					"$(PROJECT_DIR)",
				);
				INFOPLIST_FILE = YRQuxinagtou/Info.plist;
				IPHONEOS_DEPLOYMENT_TARGET = 8.0;
				LD_RUNPATH_SEARCH_PATHS = "$(inherited) @executable_path/Frameworks";
				OTHER_SWIFT_FLAGS = "$(inherited) \"-D\" \"COCOAPODS\"";
				PRODUCT_BUNDLE_IDENTIFIER = io.github.13hoop.YRQuxinagtou;
				PRODUCT_NAME = "$(TARGET_NAME)";
				SWIFT_OBJC_BRIDGING_HEADER = "YRQuxinagtou/YRQuxinagtou-Bridging-Header.h";
				SWIFT_OPTIMIZATION_LEVEL = "-Onone";
			};
			name = Debug;
		};
		B4338A9A1D0FCC7C00A2D485 /* Release */ = {
			isa = XCBuildConfiguration;
			baseConfigurationReference = 5FAB740E7D8E183F840851F9 /* Pods-YRQuxinagtou.release.xcconfig */;
			buildSettings = {
				ASSETCATALOG_COMPILER_APPICON_NAME = AppIcon;
				CLANG_ENABLE_MODULES = YES;
				FRAMEWORK_SEARCH_PATHS = (
					"$(inherited)",
					"$(PROJECT_DIR)",
				);
				INFOPLIST_FILE = YRQuxinagtou/Info.plist;
				IPHONEOS_DEPLOYMENT_TARGET = 8.0;
				LD_RUNPATH_SEARCH_PATHS = "$(inherited) @executable_path/Frameworks";
				OTHER_SWIFT_FLAGS = "$(inherited) \"-D\" \"COCOAPODS\"";
				PRODUCT_BUNDLE_IDENTIFIER = io.github.13hoop.YRQuxinagtou;
				PRODUCT_NAME = "$(TARGET_NAME)";
				SWIFT_OBJC_BRIDGING_HEADER = "YRQuxinagtou/YRQuxinagtou-Bridging-Header.h";
			};
			name = Release;
		};
		B4338A9C1D0FCC7C00A2D485 /* Debug */ = {
			isa = XCBuildConfiguration;
			buildSettings = {
				BUNDLE_LOADER = "$(TEST_HOST)";
				INFOPLIST_FILE = YRQuxinagtouTests/Info.plist;
				LD_RUNPATH_SEARCH_PATHS = "$(inherited) @executable_path/Frameworks @loader_path/Frameworks";
				PRODUCT_BUNDLE_IDENTIFIER = io.github.13hoop.YRQuxinagtouTests;
				PRODUCT_NAME = "$(TARGET_NAME)";
				TEST_HOST = "$(BUILT_PRODUCTS_DIR)/YRQuxinagtou.app/YRQuxinagtou";
			};
			name = Debug;
		};
		B4338A9D1D0FCC7C00A2D485 /* Release */ = {
			isa = XCBuildConfiguration;
			buildSettings = {
				BUNDLE_LOADER = "$(TEST_HOST)";
				INFOPLIST_FILE = YRQuxinagtouTests/Info.plist;
				LD_RUNPATH_SEARCH_PATHS = "$(inherited) @executable_path/Frameworks @loader_path/Frameworks";
				PRODUCT_BUNDLE_IDENTIFIER = io.github.13hoop.YRQuxinagtouTests;
				PRODUCT_NAME = "$(TARGET_NAME)";
				TEST_HOST = "$(BUILT_PRODUCTS_DIR)/YRQuxinagtou.app/YRQuxinagtou";
			};
			name = Release;
		};
		B4338A9F1D0FCC7C00A2D485 /* Debug */ = {
			isa = XCBuildConfiguration;
			buildSettings = {
				INFOPLIST_FILE = YRQuxinagtouUITests/Info.plist;
				LD_RUNPATH_SEARCH_PATHS = "$(inherited) @executable_path/Frameworks @loader_path/Frameworks";
				PRODUCT_BUNDLE_IDENTIFIER = io.github.13hoop.YRQuxinagtouUITests;
				PRODUCT_NAME = "$(TARGET_NAME)";
				TEST_TARGET_NAME = YRQuxinagtou;
			};
			name = Debug;
		};
		B4338AA01D0FCC7C00A2D485 /* Release */ = {
			isa = XCBuildConfiguration;
			buildSettings = {
				INFOPLIST_FILE = YRQuxinagtouUITests/Info.plist;
				LD_RUNPATH_SEARCH_PATHS = "$(inherited) @executable_path/Frameworks @loader_path/Frameworks";
				PRODUCT_BUNDLE_IDENTIFIER = io.github.13hoop.YRQuxinagtouUITests;
				PRODUCT_NAME = "$(TARGET_NAME)";
				TEST_TARGET_NAME = YRQuxinagtou;
			};
			name = Release;
		};
/* End XCBuildConfiguration section */

/* Begin XCConfigurationList section */
		B4338A6B1D0FCC7B00A2D485 /* Build configuration list for PBXProject "YRQuxinagtou" */ = {
			isa = XCConfigurationList;
			buildConfigurations = (
				B4338A961D0FCC7C00A2D485 /* Debug */,
				B4338A971D0FCC7C00A2D485 /* Release */,
			);
			defaultConfigurationIsVisible = 0;
			defaultConfigurationName = Release;
		};
		B4338A981D0FCC7C00A2D485 /* Build configuration list for PBXNativeTarget "YRQuxinagtou" */ = {
			isa = XCConfigurationList;
			buildConfigurations = (
				B4338A991D0FCC7C00A2D485 /* Debug */,
				B4338A9A1D0FCC7C00A2D485 /* Release */,
			);
			defaultConfigurationIsVisible = 0;
			defaultConfigurationName = Release;
		};
		B4338A9B1D0FCC7C00A2D485 /* Build configuration list for PBXNativeTarget "YRQuxinagtouTests" */ = {
			isa = XCConfigurationList;
			buildConfigurations = (
				B4338A9C1D0FCC7C00A2D485 /* Debug */,
				B4338A9D1D0FCC7C00A2D485 /* Release */,
			);
			defaultConfigurationIsVisible = 0;
			defaultConfigurationName = Release;
		};
		B4338A9E1D0FCC7C00A2D485 /* Build configuration list for PBXNativeTarget "YRQuxinagtouUITests" */ = {
			isa = XCConfigurationList;
			buildConfigurations = (
				B4338A9F1D0FCC7C00A2D485 /* Debug */,
				B4338AA01D0FCC7C00A2D485 /* Release */,
			);
			defaultConfigurationIsVisible = 0;
			defaultConfigurationName = Release;
		};
/* End XCConfigurationList section */
	};
	rootObject = B4338A681D0FCC7B00A2D485 /* Project object */;
}
